
Microsoft Visual Studio Solution File, Format Version 12.00
# Visual Studio 14
VisualStudioVersion = 14.0.25420.1
MinimumVisualStudioVersion = 10.0.40219.1
Project("{8BC9CEB8-8B4A-11D0-8D11-00A0C91BC942}") = "Ex1SumOfTwoDigits", "Ex1SumOfTwoDigits\Ex1SumOfTwoDigits.vcxproj", "{EF21A457-44D7-48CD-B8BB-804CD2B27DDF}"
EndProject
Project("{8BC9CEB8-8B4A-11D0-8D11-00A0C91BC942}") = "Ex2MaxPairwiseProduct", "Ex2MaxPairwiseProduct\Ex2MaxPairwiseProduct.vcxproj", "{6ED2014A-30EA-4BD9-A318-CCD976AC97E6}"
EndProject
Project("{8BC9CEB8-8B4A-11D0-8D11-00A0C91BC942}") = "Week2Ex1Fibonacci", "Week2Ex1Fibonacci\Week2Ex1Fibonacci.vcxproj", "{FBD51D55-63B6-40F8-B503-85A0D081A987}"
EndProject
Project("{8BC9CEB8-8B4A-11D0-8D11-00A0C91BC942}") = "Week2Ex2FibLastDigit", "Week2Ex2FibLastDigit\Week2Ex2FibLastDigit.vcxproj", "{6481FCF5-37EA-48FD-8D6E-68B93DB7BA43}"
EndProject
Project("{8BC9CEB8-8B4A-11D0-8D11-00A0C91BC942}") = "Week2Ex3GCD", "Week2Ex3GCD\Week2Ex3GCD.vcxproj", "{E90E2987-A054-43B8-8DA8-D9641B5248F6}"
EndProject
Project("{8BC9CEB8-8B4A-11D0-8D11-00A0C91BC942}") = "Week2Ex4LCM", "Week2Ex4LCM\Week2Ex4LCM.vcxproj", "{DF2C262F-8E8F-4A8D-A85F-7979CCC4B6F8}"
EndProject
Project("{8BC9CEB8-8B4A-11D0-8D11-00A0C91BC942}") = "Week2Ex5FibonacciHuge", "Week2Ex5FibonacciHuge\Week2Ex5FibonacciHuge.vcxproj", "{8B7A62A1-605B-4F27-9DFE-CEE07220AC50}"
EndProject
Project("{8BC9CEB8-8B4A-11D0-8D11-00A0C91BC942}") = "Week3Ex1MoneyChange", "Week3Ex1MoneyChange\Week3Ex1MoneyChange.vcxproj", "{A211CF14-DE2E-42AC-AA99-F5619F7EC649}"
EndProject
Project("{8BC9CEB8-8B4A-11D0-8D11-00A0C91BC942}") = "Week3Ex2MaxLoot", "Week3Ex2MaxLoot\Week3Ex2MaxLoot.vcxproj", "{3D43B1D9-7BFD-4DA4-BABC-D7530E3E4FF1}"
EndProject
Project("{8BC9CEB8-8B4A-11D0-8D11-00A0C91BC942}") = "Week3Ex4MaxAdRevenue", "Week3Ex4MaxAdRevenue\Week3Ex4MaxAdRevenue.vcxproj", "{2B69EEB3-33FE-40EC-A621-C44D0F6CAD7A}"
EndProject
Project("{8BC9CEB8-8B4A-11D0-8D11-00A0C91BC942}") = "Week3Ex3CarFuel", "Week3Ex3CarFuel\Week3Ex3CarFuel.vcxproj", "{A0709BA5-1F53-4701-856A-A2013B53AC87}"
EndProject
Project("{8BC9CEB8-8B4A-11D0-8D11-00A0C91BC942}") = "Week3Ex5CollectingSignatures", "Week3Ex5CollectingSignatures\Week3Ex5CollectingSignatures.vcxproj", "{074759B3-2053-40A5-BF1E-99B8C0DFED73}"
EndProject
Project("{8BC9CEB8-8B4A-11D0-8D11-00A0C91BC942}") = "Week3Ex7MaxSalary", "Week3Ex7MaxSalary\Week3Ex7MaxSalary.vcxproj", "{AA492CFF-104C-4103-B2DF-E9779041B457}"
EndProject
Project("{8BC9CEB8-8B4A-11D0-8D11-00A0C91BC942}") = "Week4Ex4Inversions", "Week4Ex4Inversions\Week4Ex4Inversions.vcxproj", "{E04EBD20-22EF-4BC6-9D73-BB4520223989}"
EndProject
Project("{8BC9CEB8-8B4A-11D0-8D11-00A0C91BC942}") = "Week4Ex5Lottery", "Week4Ex5Lottery\Week4Ex5Lottery.vcxproj", "{BC3BEE2E-D5CE-4053-A1BD-A585CE9D82C5}"
EndProject
Project("{2150E333-8FDC-42A3-9474-1A3956D46DE8}") = "Solution Items", "Solution Items", "{B19E23B6-C9AF-4ED6-A128-36B097B29884}"
	ProjectSection(SolutionItems) = preProject
		Performance1.psess = Performance1.psess
	EndProjectSection
EndProject
Project("{8BC9CEB8-8B4A-11D0-8D11-00A0C91BC942}") = "Week4Ex6ClosestDistance", "Week4ClosestDistance\Week4ClosestDistance.vcxproj", "{BBA2E955-A08F-4C78-B8AE-EBFFA7292DE8}"
EndProject
Project("{8BC9CEB8-8B4A-11D0-8D11-00A0C91BC942}") = "Week5Ex2PrimitiveCalculator", "Week5Ex2PrimitiveCalculator\Week5Ex2PrimitiveCalculator.vcxproj", "{5CFEC7FC-E43F-455C-8617-CDACC699AC65}"
EndProject
Project("{8BC9CEB8-8B4A-11D0-8D11-00A0C91BC942}") = "Week5Ex3EditDIstance", "Week5Ex3EditDIstance\Week5Ex3EditDIstance.vcxproj", "{93E64CB1-E11C-4237-AEA7-A4E53181EED6}"
EndProject
Project("{8BC9CEB8-8B4A-11D0-8D11-00A0C91BC942}") = "Week5Ex5LCS", "Week5Ex5LCS\Week5Ex5LCS.vcxproj", "{39FE6F24-FA4F-4814-A30B-A35AD7D740BA}"
EndProject
Project("{8BC9CEB8-8B4A-11D0-8D11-00A0C91BC942}") = "Week5Ex5LCS3", "Week5Ex5LCS3\Week5Ex5LCS3.vcxproj", "{6FBF5FCE-AC08-47B7-A206-816252C1022F}"
EndProject
Project("{8BC9CEB8-8B4A-11D0-8D11-00A0C91BC942}") = "Week6Ex1", "Week6Ex1\Week6Ex1.vcxproj", "{954FA799-328B-43AD-99DF-33083A03A1C9}"
EndProject
Project("{8BC9CEB8-8B4A-11D0-8D11-00A0C91BC942}") = "Week6Ex2", "Week6Ex2\Week6Ex2.vcxproj", "{2E1E8B6B-65E9-4E9D-BF1D-730DA1EE744D}"
EndProject
Project("{8BC9CEB8-8B4A-11D0-8D11-00A0C91BC942}") = "Week2Ex6FibLastSum", "Week2Ex6FibLastSum\Week2Ex6FibLastSum.vcxproj", "{1456FE78-8859-481D-A448-5461C33F3EC0}"
EndProject
Project("{8BC9CEB8-8B4A-11D0-8D11-00A0C91BC942}") = "Week6Ex3", "Week6Ex3\Week6Ex3.vcxproj", "{E411257B-6F9F-456F-8C7F-E6FD0FD0487C}"
EndProject
Global
	GlobalSection(Performance) = preSolution
		HasPerformanceSessions = true
	EndGlobalSection
	GlobalSection(SolutionConfigurationPlatforms) = preSolution
		Debug|x64 = Debug|x64
		Debug|x86 = Debug|x86
		Release|x64 = Release|x64
		Release|x86 = Release|x86
	EndGlobalSection
	GlobalSection(ProjectConfigurationPlatforms) = postSolution
		{EF21A457-44D7-48CD-B8BB-804CD2B27DDF}.Debug|x64.ActiveCfg = Debug|x64
		{EF21A457-44D7-48CD-B8BB-804CD2B27DDF}.Debug|x64.Build.0 = Debug|x64
		{EF21A457-44D7-48CD-B8BB-804CD2B27DDF}.Debug|x86.ActiveCfg = Debug|Win32
		{EF21A457-44D7-48CD-B8BB-804CD2B27DDF}.Debug|x86.Build.0 = Debug|Win32
		{EF21A457-44D7-48CD-B8BB-804CD2B27DDF}.Release|x64.ActiveCfg = Release|x64
		{EF21A457-44D7-48CD-B8BB-804CD2B27DDF}.Release|x64.Build.0 = Release|x64
		{EF21A457-44D7-48CD-B8BB-804CD2B27DDF}.Release|x86.ActiveCfg = Release|Win32
		{EF21A457-44D7-48CD-B8BB-804CD2B27DDF}.Release|x86.Build.0 = Release|Win32
		{6ED2014A-30EA-4BD9-A318-CCD976AC97E6}.Debug|x64.ActiveCfg = Debug|x64
		{6ED2014A-30EA-4BD9-A318-CCD976AC97E6}.Debug|x64.Build.0 = Debug|x64
		{6ED2014A-30EA-4BD9-A318-CCD976AC97E6}.Debug|x86.ActiveCfg = Debug|Win32
		{6ED2014A-30EA-4BD9-A318-CCD976AC97E6}.Debug|x86.Build.0 = Debug|Win32
		{6ED2014A-30EA-4BD9-A318-CCD976AC97E6}.Release|x64.ActiveCfg = Release|x64
		{6ED2014A-30EA-4BD9-A318-CCD976AC97E6}.Release|x64.Build.0 = Release|x64
		{6ED2014A-30EA-4BD9-A318-CCD976AC97E6}.Release|x86.ActiveCfg = Release|Win32
		{6ED2014A-30EA-4BD9-A318-CCD976AC97E6}.Release|x86.Build.0 = Release|Win32
		{FBD51D55-63B6-40F8-B503-85A0D081A987}.Debug|x64.ActiveCfg = Debug|x64
		{FBD51D55-63B6-40F8-B503-85A0D081A987}.Debug|x64.Build.0 = Debug|x64
		{FBD51D55-63B6-40F8-B503-85A0D081A987}.Debug|x86.ActiveCfg = Debug|Win32
		{FBD51D55-63B6-40F8-B503-85A0D081A987}.Debug|x86.Build.0 = Debug|Win32
		{FBD51D55-63B6-40F8-B503-85A0D081A987}.Release|x64.ActiveCfg = Release|x64
		{FBD51D55-63B6-40F8-B503-85A0D081A987}.Release|x64.Build.0 = Release|x64
		{FBD51D55-63B6-40F8-B503-85A0D081A987}.Release|x86.ActiveCfg = Release|Win32
		{FBD51D55-63B6-40F8-B503-85A0D081A987}.Release|x86.Build.0 = Release|Win32
		{6481FCF5-37EA-48FD-8D6E-68B93DB7BA43}.Debug|x64.ActiveCfg = Debug|x64
		{6481FCF5-37EA-48FD-8D6E-68B93DB7BA43}.Debug|x64.Build.0 = Debug|x64
		{6481FCF5-37EA-48FD-8D6E-68B93DB7BA43}.Debug|x86.ActiveCfg = Debug|Win32
		{6481FCF5-37EA-48FD-8D6E-68B93DB7BA43}.Debug|x86.Build.0 = Debug|Win32
		{6481FCF5-37EA-48FD-8D6E-68B93DB7BA43}.Release|x64.ActiveCfg = Release|x64
		{6481FCF5-37EA-48FD-8D6E-68B93DB7BA43}.Release|x64.Build.0 = Release|x64
		{6481FCF5-37EA-48FD-8D6E-68B93DB7BA43}.Release|x86.ActiveCfg = Release|Win32
		{6481FCF5-37EA-48FD-8D6E-68B93DB7BA43}.Release|x86.Build.0 = Release|Win32
		{E90E2987-A054-43B8-8DA8-D9641B5248F6}.Debug|x64.ActiveCfg = Debug|x64
		{E90E2987-A054-43B8-8DA8-D9641B5248F6}.Debug|x64.Build.0 = Debug|x64
		{E90E2987-A054-43B8-8DA8-D9641B5248F6}.Debug|x86.ActiveCfg = Debug|Win32
		{E90E2987-A054-43B8-8DA8-D9641B5248F6}.Debug|x86.Build.0 = Debug|Win32
		{E90E2987-A054-43B8-8DA8-D9641B5248F6}.Release|x64.ActiveCfg = Release|x64
		{E90E2987-A054-43B8-8DA8-D9641B5248F6}.Release|x64.Build.0 = Release|x64
		{E90E2987-A054-43B8-8DA8-D9641B5248F6}.Release|x86.ActiveCfg = Release|Win32
		{E90E2987-A054-43B8-8DA8-D9641B5248F6}.Release|x86.Build.0 = Release|Win32
		{DF2C262F-8E8F-4A8D-A85F-7979CCC4B6F8}.Debug|x64.ActiveCfg = Debug|x64
		{DF2C262F-8E8F-4A8D-A85F-7979CCC4B6F8}.Debug|x64.Build.0 = Debug|x64
		{DF2C262F-8E8F-4A8D-A85F-7979CCC4B6F8}.Debug|x86.ActiveCfg = Debug|Win32
		{DF2C262F-8E8F-4A8D-A85F-7979CCC4B6F8}.Debug|x86.Build.0 = Debug|Win32
		{DF2C262F-8E8F-4A8D-A85F-7979CCC4B6F8}.Release|x64.ActiveCfg = Release|x64
		{DF2C262F-8E8F-4A8D-A85F-7979CCC4B6F8}.Release|x64.Build.0 = Release|x64
		{DF2C262F-8E8F-4A8D-A85F-7979CCC4B6F8}.Release|x86.ActiveCfg = Release|Win32
		{DF2C262F-8E8F-4A8D-A85F-7979CCC4B6F8}.Release|x86.Build.0 = Release|Win32
		{8B7A62A1-605B-4F27-9DFE-CEE07220AC50}.Debug|x64.ActiveCfg = Debug|x64
		{8B7A62A1-605B-4F27-9DFE-CEE07220AC50}.Debug|x64.Build.0 = Debug|x64
		{8B7A62A1-605B-4F27-9DFE-CEE07220AC50}.Debug|x86.ActiveCfg = Debug|Win32
		{8B7A62A1-605B-4F27-9DFE-CEE07220AC50}.Debug|x86.Build.0 = Debug|Win32
		{8B7A62A1-605B-4F27-9DFE-CEE07220AC50}.Release|x64.ActiveCfg = Release|x64
		{8B7A62A1-605B-4F27-9DFE-CEE07220AC50}.Release|x64.Build.0 = Release|x64
		{8B7A62A1-605B-4F27-9DFE-CEE07220AC50}.Release|x86.ActiveCfg = Release|Win32
		{8B7A62A1-605B-4F27-9DFE-CEE07220AC50}.Release|x86.Build.0 = Release|Win32
		{A211CF14-DE2E-42AC-AA99-F5619F7EC649}.Debug|x64.ActiveCfg = Debug|x64
		{A211CF14-DE2E-42AC-AA99-F5619F7EC649}.Debug|x64.Build.0 = Debug|x64
		{A211CF14-DE2E-42AC-AA99-F5619F7EC649}.Debug|x86.ActiveCfg = Debug|Win32
		{A211CF14-DE2E-42AC-AA99-F5619F7EC649}.Debug|x86.Build.0 = Debug|Win32
		{A211CF14-DE2E-42AC-AA99-F5619F7EC649}.Release|x64.ActiveCfg = Release|x64
		{A211CF14-DE2E-42AC-AA99-F5619F7EC649}.Release|x64.Build.0 = Release|x64
		{A211CF14-DE2E-42AC-AA99-F5619F7EC649}.Release|x86.ActiveCfg = Release|Win32
		{A211CF14-DE2E-42AC-AA99-F5619F7EC649}.Release|x86.Build.0 = Release|Win32
		{3D43B1D9-7BFD-4DA4-BABC-D7530E3E4FF1}.Debug|x64.ActiveCfg = Debug|x64
		{3D43B1D9-7BFD-4DA4-BABC-D7530E3E4FF1}.Debug|x64.Build.0 = Debug|x64
		{3D43B1D9-7BFD-4DA4-BABC-D7530E3E4FF1}.Debug|x86.ActiveCfg = Debug|Win32
		{3D43B1D9-7BFD-4DA4-BABC-D7530E3E4FF1}.Debug|x86.Build.0 = Debug|Win32
		{3D43B1D9-7BFD-4DA4-BABC-D7530E3E4FF1}.Release|x64.ActiveCfg = Release|x64
		{3D43B1D9-7BFD-4DA4-BABC-D7530E3E4FF1}.Release|x64.Build.0 = Release|x64
		{3D43B1D9-7BFD-4DA4-BABC-D7530E3E4FF1}.Release|x86.ActiveCfg = Release|Win32
		{3D43B1D9-7BFD-4DA4-BABC-D7530E3E4FF1}.Release|x86.Build.0 = Release|Win32
		{2B69EEB3-33FE-40EC-A621-C44D0F6CAD7A}.Debug|x64.ActiveCfg = Debug|x64
		{2B69EEB3-33FE-40EC-A621-C44D0F6CAD7A}.Debug|x64.Build.0 = Debug|x64
		{2B69EEB3-33FE-40EC-A621-C44D0F6CAD7A}.Debug|x86.ActiveCfg = Debug|Win32
		{2B69EEB3-33FE-40EC-A621-C44D0F6CAD7A}.Debug|x86.Build.0 = Debug|Win32
		{2B69EEB3-33FE-40EC-A621-C44D0F6CAD7A}.Release|x64.ActiveCfg = Release|x64
		{2B69EEB3-33FE-40EC-A621-C44D0F6CAD7A}.Release|x64.Build.0 = Release|x64
		{2B69EEB3-33FE-40EC-A621-C44D0F6CAD7A}.Release|x86.ActiveCfg = Release|Win32
		{2B69EEB3-33FE-40EC-A621-C44D0F6CAD7A}.Release|x86.Build.0 = Release|Win32
		{A0709BA5-1F53-4701-856A-A2013B53AC87}.Debug|x64.ActiveCfg = Debug|x64
		{A0709BA5-1F53-4701-856A-A2013B53AC87}.Debug|x64.Build.0 = Debug|x64
		{A0709BA5-1F53-4701-856A-A2013B53AC87}.Debug|x86.ActiveCfg = Debug|Win32
		{A0709BA5-1F53-4701-856A-A2013B53AC87}.Debug|x86.Build.0 = Debug|Win32
		{A0709BA5-1F53-4701-856A-A2013B53AC87}.Release|x64.ActiveCfg = Release|x64
		{A0709BA5-1F53-4701-856A-A2013B53AC87}.Release|x64.Build.0 = Release|x64
		{A0709BA5-1F53-4701-856A-A2013B53AC87}.Release|x86.ActiveCfg = Release|Win32
		{A0709BA5-1F53-4701-856A-A2013B53AC87}.Release|x86.Build.0 = Release|Win32
		{074759B3-2053-40A5-BF1E-99B8C0DFED73}.Debug|x64.ActiveCfg = Debug|x64
		{074759B3-2053-40A5-BF1E-99B8C0DFED73}.Debug|x64.Build.0 = Debug|x64
		{074759B3-2053-40A5-BF1E-99B8C0DFED73}.Debug|x86.ActiveCfg = Debug|Win32
		{074759B3-2053-40A5-BF1E-99B8C0DFED73}.Debug|x86.Build.0 = Debug|Win32
		{074759B3-2053-40A5-BF1E-99B8C0DFED73}.Release|x64.ActiveCfg = Release|x64
		{074759B3-2053-40A5-BF1E-99B8C0DFED73}.Release|x64.Build.0 = Release|x64
		{074759B3-2053-40A5-BF1E-99B8C0DFED73}.Release|x86.ActiveCfg = Release|Win32
		{074759B3-2053-40A5-BF1E-99B8C0DFED73}.Release|x86.Build.0 = Release|Win32
		{AA492CFF-104C-4103-B2DF-E9779041B457}.Debug|x64.ActiveCfg = Debug|x64
		{AA492CFF-104C-4103-B2DF-E9779041B457}.Debug|x64.Build.0 = Debug|x64
		{AA492CFF-104C-4103-B2DF-E9779041B457}.Debug|x86.ActiveCfg = Debug|Win32
		{AA492CFF-104C-4103-B2DF-E9779041B457}.Debug|x86.Build.0 = Debug|Win32
		{AA492CFF-104C-4103-B2DF-E9779041B457}.Release|x64.ActiveCfg = Release|x64
		{AA492CFF-104C-4103-B2DF-E9779041B457}.Release|x64.Build.0 = Release|x64
		{AA492CFF-104C-4103-B2DF-E9779041B457}.Release|x86.ActiveCfg = Release|Win32
		{AA492CFF-104C-4103-B2DF-E9779041B457}.Release|x86.Build.0 = Release|Win32
		{E04EBD20-22EF-4BC6-9D73-BB4520223989}.Debug|x64.ActiveCfg = Debug|x64
		{E04EBD20-22EF-4BC6-9D73-BB4520223989}.Debug|x64.Build.0 = Debug|x64
		{E04EBD20-22EF-4BC6-9D73-BB4520223989}.Debug|x86.ActiveCfg = Debug|Win32
		{E04EBD20-22EF-4BC6-9D73-BB4520223989}.Debug|x86.Build.0 = Debug|Win32
		{E04EBD20-22EF-4BC6-9D73-BB4520223989}.Release|x64.ActiveCfg = Release|x64
		{E04EBD20-22EF-4BC6-9D73-BB4520223989}.Release|x64.Build.0 = Release|x64
		{E04EBD20-22EF-4BC6-9D73-BB4520223989}.Release|x86.ActiveCfg = Release|Win32
		{E04EBD20-22EF-4BC6-9D73-BB4520223989}.Release|x86.Build.0 = Release|Win32
		{BC3BEE2E-D5CE-4053-A1BD-A585CE9D82C5}.Debug|x64.ActiveCfg = Debug|x64
		{BC3BEE2E-D5CE-4053-A1BD-A585CE9D82C5}.Debug|x64.Build.0 = Debug|x64
		{BC3BEE2E-D5CE-4053-A1BD-A585CE9D82C5}.Debug|x86.ActiveCfg = Debug|Win32
		{BC3BEE2E-D5CE-4053-A1BD-A585CE9D82C5}.Debug|x86.Build.0 = Debug|Win32
		{BC3BEE2E-D5CE-4053-A1BD-A585CE9D82C5}.Release|x64.ActiveCfg = Release|x64
		{BC3BEE2E-D5CE-4053-A1BD-A585CE9D82C5}.Release|x64.Build.0 = Release|x64
		{BC3BEE2E-D5CE-4053-A1BD-A585CE9D82C5}.Release|x86.ActiveCfg = Release|Win32
		{BC3BEE2E-D5CE-4053-A1BD-A585CE9D82C5}.Release|x86.Build.0 = Release|Win32
		{BBA2E955-A08F-4C78-B8AE-EBFFA7292DE8}.Debug|x64.ActiveCfg = Debug|x64
		{BBA2E955-A08F-4C78-B8AE-EBFFA7292DE8}.Debug|x64.Build.0 = Debug|x64
		{BBA2E955-A08F-4C78-B8AE-EBFFA7292DE8}.Debug|x86.ActiveCfg = Debug|Win32
		{BBA2E955-A08F-4C78-B8AE-EBFFA7292DE8}.Debug|x86.Build.0 = Debug|Win32
		{BBA2E955-A08F-4C78-B8AE-EBFFA7292DE8}.Release|x64.ActiveCfg = Release|x64
		{BBA2E955-A08F-4C78-B8AE-EBFFA7292DE8}.Release|x64.Build.0 = Release|x64
		{BBA2E955-A08F-4C78-B8AE-EBFFA7292DE8}.Release|x86.ActiveCfg = Release|Win32
		{BBA2E955-A08F-4C78-B8AE-EBFFA7292DE8}.Release|x86.Build.0 = Release|Win32
		{5CFEC7FC-E43F-455C-8617-CDACC699AC65}.Debug|x64.ActiveCfg = Debug|x64
		{5CFEC7FC-E43F-455C-8617-CDACC699AC65}.Debug|x64.Build.0 = Debug|x64
		{5CFEC7FC-E43F-455C-8617-CDACC699AC65}.Debug|x86.ActiveCfg = Debug|Win32
		{5CFEC7FC-E43F-455C-8617-CDACC699AC65}.Debug|x86.Build.0 = Debug|Win32
		{5CFEC7FC-E43F-455C-8617-CDACC699AC65}.Release|x64.ActiveCfg = Release|x64
		{5CFEC7FC-E43F-455C-8617-CDACC699AC65}.Release|x64.Build.0 = Release|x64
		{5CFEC7FC-E43F-455C-8617-CDACC699AC65}.Release|x86.ActiveCfg = Release|Win32
		{5CFEC7FC-E43F-455C-8617-CDACC699AC65}.Release|x86.Build.0 = Release|Win32
		{93E64CB1-E11C-4237-AEA7-A4E53181EED6}.Debug|x64.ActiveCfg = Debug|x64
		{93E64CB1-E11C-4237-AEA7-A4E53181EED6}.Debug|x64.Build.0 = Debug|x64
		{93E64CB1-E11C-4237-AEA7-A4E53181EED6}.Debug|x86.ActiveCfg = Debug|Win32
		{93E64CB1-E11C-4237-AEA7-A4E53181EED6}.Debug|x86.Build.0 = Debug|Win32
		{93E64CB1-E11C-4237-AEA7-A4E53181EED6}.Release|x64.ActiveCfg = Release|x64
		{93E64CB1-E11C-4237-AEA7-A4E53181EED6}.Release|x64.Build.0 = Release|x64
		{93E64CB1-E11C-4237-AEA7-A4E53181EED6}.Release|x86.ActiveCfg = Release|Win32
		{93E64CB1-E11C-4237-AEA7-A4E53181EED6}.Release|x86.Build.0 = Release|Win32
		{39FE6F24-FA4F-4814-A30B-A35AD7D740BA}.Debug|x64.ActiveCfg = Debug|x64
		{39FE6F24-FA4F-4814-A30B-A35AD7D740BA}.Debug|x64.Build.0 = Debug|x64
		{39FE6F24-FA4F-4814-A30B-A35AD7D740BA}.Debug|x86.ActiveCfg = Debug|Win32
		{39FE6F24-FA4F-4814-A30B-A35AD7D740BA}.Debug|x86.Build.0 = Debug|Win32
		{39FE6F24-FA4F-4814-A30B-A35AD7D740BA}.Release|x64.ActiveCfg = Release|x64
		{39FE6F24-FA4F-4814-A30B-A35AD7D740BA}.Release|x64.Build.0 = Release|x64
		{39FE6F24-FA4F-4814-A30B-A35AD7D740BA}.Release|x86.ActiveCfg = Release|Win32
		{39FE6F24-FA4F-4814-A30B-A35AD7D740BA}.Release|x86.Build.0 = Release|Win32
		{6FBF5FCE-AC08-47B7-A206-816252C1022F}.Debug|x64.ActiveCfg = Debug|x64
		{6FBF5FCE-AC08-47B7-A206-816252C1022F}.Debug|x64.Build.0 = Debug|x64
		{6FBF5FCE-AC08-47B7-A206-816252C1022F}.Debug|x86.ActiveCfg = Debug|Win32
		{6FBF5FCE-AC08-47B7-A206-816252C1022F}.Debug|x86.Build.0 = Debug|Win32
		{6FBF5FCE-AC08-47B7-A206-816252C1022F}.Release|x64.ActiveCfg = Release|x64
		{6FBF5FCE-AC08-47B7-A206-816252C1022F}.Release|x64.Build.0 = Release|x64
		{6FBF5FCE-AC08-47B7-A206-816252C1022F}.Release|x86.ActiveCfg = Release|Win32
		{6FBF5FCE-AC08-47B7-A206-816252C1022F}.Release|x86.Build.0 = Release|Win32
		{954FA799-328B-43AD-99DF-33083A03A1C9}.Debug|x64.ActiveCfg = Debug|x64
		{954FA799-328B-43AD-99DF-33083A03A1C9}.Debug|x64.Build.0 = Debug|x64
		{954FA799-328B-43AD-99DF-33083A03A1C9}.Debug|x86.ActiveCfg = Debug|Win32
		{954FA799-328B-43AD-99DF-33083A03A1C9}.Debug|x86.Build.0 = Debug|Win32
		{954FA799-328B-43AD-99DF-33083A03A1C9}.Release|x64.ActiveCfg = Release|x64
		{954FA799-328B-43AD-99DF-33083A03A1C9}.Release|x64.Build.0 = Release|x64
		{954FA799-328B-43AD-99DF-33083A03A1C9}.Release|x86.ActiveCfg = Release|Win32
		{954FA799-328B-43AD-99DF-33083A03A1C9}.Release|x86.Build.0 = Release|Win32
		{2E1E8B6B-65E9-4E9D-BF1D-730DA1EE744D}.Debug|x64.ActiveCfg = Debug|x64
		{2E1E8B6B-65E9-4E9D-BF1D-730DA1EE744D}.Debug|x64.Build.0 = Debug|x64
		{2E1E8B6B-65E9-4E9D-BF1D-730DA1EE744D}.Debug|x86.ActiveCfg = Debug|Win32
		{2E1E8B6B-65E9-4E9D-BF1D-730DA1EE744D}.Debug|x86.Build.0 = Debug|Win32
		{2E1E8B6B-65E9-4E9D-BF1D-730DA1EE744D}.Release|x64.ActiveCfg = Release|x64
		{2E1E8B6B-65E9-4E9D-BF1D-730DA1EE744D}.Release|x64.Build.0 = Release|x64
		{2E1E8B6B-65E9-4E9D-BF1D-730DA1EE744D}.Release|x86.ActiveCfg = Release|Win32
		{2E1E8B6B-65E9-4E9D-BF1D-730DA1EE744D}.Release|x86.Build.0 = Release|Win32
		{1456FE78-8859-481D-A448-5461C33F3EC0}.Debug|x64.ActiveCfg = Debug|x64
		{1456FE78-8859-481D-A448-5461C33F3EC0}.Debug|x64.Build.0 = Debug|x64
		{1456FE78-8859-481D-A448-5461C33F3EC0}.Debug|x86.ActiveCfg = Debug|Win32
		{1456FE78-8859-481D-A448-5461C33F3EC0}.Debug|x86.Build.0 = Debug|Win32
		{1456FE78-8859-481D-A448-5461C33F3EC0}.Release|x64.ActiveCfg = Release|x64
		{1456FE78-8859-481D-A448-5461C33F3EC0}.Release|x64.Build.0 = Release|x64
		{1456FE78-8859-481D-A448-5461C33F3EC0}.Release|x86.ActiveCfg = Release|Win32
		{1456FE78-8859-481D-A448-5461C33F3EC0}.Release|x86.Build.0 = Release|Win32
		{E411257B-6F9F-456F-8C7F-E6FD0FD0487C}.Debug|x64.ActiveCfg = Debug|x64
		{E411257B-6F9F-456F-8C7F-E6FD0FD0487C}.Debug|x64.Build.0 = Debug|x64
		{E411257B-6F9F-456F-8C7F-E6FD0FD0487C}.Debug|x86.ActiveCfg = Debug|Win32
		{E411257B-6F9F-456F-8C7F-E6FD0FD0487C}.Debug|x86.Build.0 = Debug|Win32
		{E411257B-6F9F-456F-8C7F-E6FD0FD0487C}.Release|x64.ActiveCfg = Release|x64
		{E411257B-6F9F-456F-8C7F-E6FD0FD0487C}.Release|x64.Build.0 = Release|x64
		{E411257B-6F9F-456F-8C7F-E6FD0FD0487C}.Release|x86.ActiveCfg = Release|Win32
		{E411257B-6F9F-456F-8C7F-E6FD0FD0487C}.Release|x86.Build.0 = Release|Win32
	EndGlobalSection
	GlobalSection(SolutionProperties) = preSolution
		HideSolutionNode = FALSE
	EndGlobalSection
EndGlobal
